
Microsoft Visual Studio Solution File, Format Version 12.00
# Visual Studio 15
VisualStudioVersion = 15.0.28307.645
MinimumVisualStudioVersion = 10.0.40219.1
Project("{8BC9CEB8-8B4A-11D0-8D11-00A0C91BC942}") = "Project1-OOProgramming", "Project1-OOProgramming\Project1-OOProgramming.vcxproj", "{5B7932FA-8891-4321-8EAA-EA7A42A7C59D}"
EndProject
Global
	GlobalSection(SolutionConfigurationPlatforms) = preSolution
		Debug|x64 = Debug|x64
		Debug|x86 = Debug|x86
		Release|x64 = Release|x64
		Release|x86 = Release|x86
	EndGlobalSection
	GlobalSection(ProjectConfigurationPlatforms) = postSolution
		{5B7932FA-8891-4321-8EAA-EA7A42A7C59D}.Debug|x64.ActiveCfg = Debug|x64
		{5B7932FA-8891-4321-8EAA-EA7A42A7C59D}.Debug|x64.Build.0 = Debug|x64
		{5B7932FA-8891-4321-8EAA-EA7A42A7C59D}.Debug|x86.ActiveCfg = Debug|Win32
		{5B7932FA-8891-4321-8EAA-EA7A42A7C59D}.Debug|x86.Build.0 = Debug|Win32
		{5B7932FA-8891-4321-8EAA-EA7A42A7C59D}.Release|x64.ActiveCfg = Release|x64
		{5B7932FA-8891-4321-8EAA-EA7A42A7C59D}.Release|x64.Build.0 = Release|x64
		{5B7932FA-8891-4321-8EAA-EA7A42A7C59D}.Release|x86.ActiveCfg = Release|Win32
		{5B7932FA-8891-4321-8EAA-EA7A42A7C59D}.Release|x86.Build.0 = Release|Win32
	EndGlobalSection
	GlobalSection(SolutionProperties) = preSolution
		HideSolutionNode = FALSE
	EndGlobalSection
	GlobalSection(ExtensibilityGlobals) = postSolution
		SolutionGuid = {D6B12AE3-E00C-4B69-A8BC-94A7C9560D16}
	EndGlobalSection
EndGlobal
