
Microsoft Visual Studio Solution File, Format Version 12.00
# Visual Studio 15
VisualStudioVersion = 15.0.28307.645
MinimumVisualStudioVersion = 10.0.40219.1
Project("{8BC9CEB8-8B4A-11D0-8D11-00A0C91BC942}") = "PowerBall_Lottery", "PowerBall_Lottery\PowerBall_Lottery.vcxproj", "{20E99DB1-2ED8-49F0-A342-9564C4B445F6}"
EndProject
Global
	GlobalSection(SolutionConfigurationPlatforms) = preSolution
		Debug|x64 = Debug|x64
		Debug|x86 = Debug|x86
		Release|x64 = Release|x64
		Release|x86 = Release|x86
	EndGlobalSection
	GlobalSection(ProjectConfigurationPlatforms) = postSolution
		{20E99DB1-2ED8-49F0-A342-9564C4B445F6}.Debug|x64.ActiveCfg = Debug|x64
		{20E99DB1-2ED8-49F0-A342-9564C4B445F6}.Debug|x64.Build.0 = Debug|x64
		{20E99DB1-2ED8-49F0-A342-9564C4B445F6}.Debug|x86.ActiveCfg = Debug|Win32
		{20E99DB1-2ED8-49F0-A342-9564C4B445F6}.Debug|x86.Build.0 = Debug|Win32
		{20E99DB1-2ED8-49F0-A342-9564C4B445F6}.Release|x64.ActiveCfg = Release|x64
		{20E99DB1-2ED8-49F0-A342-9564C4B445F6}.Release|x64.Build.0 = Release|x64
		{20E99DB1-2ED8-49F0-A342-9564C4B445F6}.Release|x86.ActiveCfg = Release|Win32
		{20E99DB1-2ED8-49F0-A342-9564C4B445F6}.Release|x86.Build.0 = Release|Win32
	EndGlobalSection
	GlobalSection(SolutionProperties) = preSolution
		HideSolutionNode = FALSE
	EndGlobalSection
	GlobalSection(ExtensibilityGlobals) = postSolution
		SolutionGuid = {1A131D02-8476-4BFA-99A1-25C47E884048}
	EndGlobalSection
EndGlobal
